
Microsoft Visual Studio Solution File, Format Version 12.00
# Visual Studio Version 17
VisualStudioVersion = 17.7.34018.315
MinimumVisualStudioVersion = 10.0.40219.1
Project("{8BC9CEB8-8B4A-11D0-8D11-00A0C91BC942}") = "recover_data_from_sd_card", "recover_data_from_sd_card.vcxproj", "{11C8F8AA-CC7F-45BB-A109-FA504C2DF64E}"
EndProject
Global
	GlobalSection(SolutionConfigurationPlatforms) = preSolution
		Debug|x64 = Debug|x64
		Debug|x86 = Debug|x86
		Release|x64 = Release|x64
		Release|x86 = Release|x86
	EndGlobalSection
	GlobalSection(ProjectConfigurationPlatforms) = postSolution
		{11C8F8AA-CC7F-45BB-A109-FA504C2DF64E}.Debug|x64.ActiveCfg = Debug|x64
		{11C8F8AA-CC7F-45BB-A109-FA504C2DF64E}.Debug|x64.Build.0 = Debug|x64
		{11C8F8AA-CC7F-45BB-A109-FA504C2DF64E}.Debug|x86.ActiveCfg = Debug|Win32
		{11C8F8AA-CC7F-45BB-A109-FA504C2DF64E}.Debug|x86.Build.0 = Debug|Win32
		{11C8F8AA-CC7F-45BB-A109-FA504C2DF64E}.Release|x64.ActiveCfg = Release|x64
		{11C8F8AA-CC7F-45BB-A109-FA504C2DF64E}.Release|x64.Build.0 = Release|x64
		{11C8F8AA-CC7F-45BB-A109-FA504C2DF64E}.Release|x86.ActiveCfg = Release|Win32
		{11C8F8AA-CC7F-45BB-A109-FA504C2DF64E}.Release|x86.Build.0 = Release|Win32
	EndGlobalSection
	GlobalSection(SolutionProperties) = preSolution
		HideSolutionNode = FALSE
	EndGlobalSection
	GlobalSection(ExtensibilityGlobals) = postSolution
		SolutionGuid = {BAA33B93-4C8F-4DB5-AC57-F0E6B043A4BB}
	EndGlobalSection
EndGlobal
